
Microsoft Visual Studio Solution File, Format Version 12.00
# Visual Studio Version 17
VisualStudioVersion = 17.14.36804.6 d17.14
MinimumVisualStudioVersion = 10.0.40219.1
Project("{FAE04EC0-301F-11D3-BF4B-00C04F79EFBC}") = "Onit", "Onit\Onit.csproj", "{F6919AC0-8875-40DE-9E52-7412338E949E}"
EndProject
Global
	GlobalSection(SolutionConfigurationPlatforms) = preSolution
		Debug|Any CPU = Debug|Any CPU
		Release|Any CPU = Release|Any CPU
	EndGlobalSection
	GlobalSection(ProjectConfigurationPlatforms) = postSolution
		{F6919AC0-8875-40DE-9E52-7412338E949E}.Debug|Any CPU.ActiveCfg = Debug|Any CPU
		{F6919AC0-8875-40DE-9E52-7412338E949E}.Debug|Any CPU.Build.0 = Debug|Any CPU
		{F6919AC0-8875-40DE-9E52-7412338E949E}.Release|Any CPU.ActiveCfg = Release|Any CPU
		{F6919AC0-8875-40DE-9E52-7412338E949E}.Release|Any CPU.Build.0 = Release|Any CPU
	EndGlobalSection
	GlobalSection(SolutionProperties) = preSolution
		HideSolutionNode = FALSE
	EndGlobalSection
	GlobalSection(ExtensibilityGlobals) = postSolution
		SolutionGuid = {53225B02-D307-4FAD-9463-0F3261B0F15B}
	EndGlobalSection
EndGlobal
